
Microsoft Visual Studio Solution File, Format Version 12.00
# Visual Studio Version 16
VisualStudioVersion = 16.0.29503.13
MinimumVisualStudioVersion = 10.0.40219.1
Project("{FAE04EC0-301F-11D3-BF4B-00C04F79EFBC}") = "FoxProReader", "FoxProReader.csproj", "{DE3C8DA1-C5F0-4B89-8FDE-B0DC7AD1889D}"
EndProject
Global
	GlobalSection(SolutionConfigurationPlatforms) = preSolution
		Debug|Any CPU = Debug|Any CPU
		Release|Any CPU = Release|Any CPU
	EndGlobalSection
	GlobalSection(ProjectConfigurationPlatforms) = postSolution
		{DE3C8DA1-C5F0-4B89-8FDE-B0DC7AD1889D}.Debug|Any CPU.ActiveCfg = Debug|Any CPU
		{DE3C8DA1-C5F0-4B89-8FDE-B0DC7AD1889D}.Debug|Any CPU.Build.0 = Debug|Any CPU
		{DE3C8DA1-C5F0-4B89-8FDE-B0DC7AD1889D}.Release|Any CPU.ActiveCfg = Release|Any CPU
		{DE3C8DA1-C5F0-4B89-8FDE-B0DC7AD1889D}.Release|Any CPU.Build.0 = Release|Any CPU
	EndGlobalSection
	GlobalSection(SolutionProperties) = preSolution
		HideSolutionNode = FALSE
	EndGlobalSection
	GlobalSection(ExtensibilityGlobals) = postSolution
		SolutionGuid = {21331E3D-3D5D-4AD8-B4CF-B492352A76CE}
	EndGlobalSection
EndGlobal
